// !$*UTF8*$!
{
	archiveVersion = 1;
	classes = {
	};
	objectVersion = 48;
	objects = {

/* Begin PBXBuildFile section */
		2C688F3F2071ED75000735A0 /* AppDelegate.swift in Sources */ = {isa = PBXBuildFile; fileRef = 2C688F3E2071ED75000735A0 /* AppDelegate.swift */; };
		2C688F442071ED75000735A0 /* Main.storyboard in Resources */ = {isa = PBXBuildFile; fileRef = 2C688F422071ED75000735A0 /* Main.storyboard */; };
		2C688F462071ED75000735A0 /* Assets.xcassets in Resources */ = {isa = PBXBuildFile; fileRef = 2C688F452071ED75000735A0 /* Assets.xcassets */; };
		2C688F492071ED75000735A0 /* LaunchScreen.storyboard in Resources */ = {isa = PBXBuildFile; fileRef = 2C688F472071ED75000735A0 /* LaunchScreen.storyboard */; };
		2C688F532071EDB7000735A0 /* ImageRecognitionViewController.swift in Sources */ = {isa = PBXBuildFile; fileRef = 2C688F522071EDB7000735A0 /* ImageRecognitionViewController.swift */; };
		2C688F552071EEFB000735A0 /* Inceptionv3.mlmodel in Sources */ = {isa = PBXBuildFile; fileRef = 2C688F542071EEFB000735A0 /* Inceptionv3.mlmodel */; };
		2C688F7D20720F3C000735A0 /* tessdata in Resources */ = {isa = PBXBuildFile; fileRef = 2C688F7C20720F3C000735A0 /* tessdata */; };
		604ADABBEFDF46ADBE19AFC7 /* Pods_ImageRecognition.framework in Frameworks */ = {isa = PBXBuildFile; fileRef = CAA45B78D8AF4ACA518C80FD /* Pods_ImageRecognition.framework */; };
/* End PBXBuildFile section */

/* Begin PBXFileReference section */
		2C688F3B2071ED75000735A0 /* ImageRecognition.app */ = {isa = PBXFileReference; explicitFileType = wrapper.application; includeInIndex = 0; path = ImageRecognition.app; sourceTree = BUILT_PRODUCTS_DIR; };
		2C688F3E2071ED75000735A0 /* AppDelegate.swift */ = {isa = PBXFileReference; lastKnownFileType = sourcecode.swift; path = AppDelegate.swift; sourceTree = "<group>"; };
		2C688F432071ED75000735A0 /* Base */ = {isa = PBXFileReference; lastKnownFileType = file.storyboard; name = Base; path = Base.lproj/Main.storyboard; sourceTree = "<group>"; };
		2C688F452071ED75000735A0 /* Assets.xcassets */ = {isa = PBXFileReference; lastKnownFileType = folder.assetcatalog; path = Assets.xcassets; sourceTree = "<group>"; };
		2C688F482071ED75000735A0 /* Base */ = {isa = PBXFileReference; lastKnownFileType = file.storyboard; name = Base; path = Base.lproj/LaunchScreen.storyboard; sourceTree = "<group>"; };
		2C688F4A2071ED75000735A0 /* Info.plist */ = {isa = PBXFileReference; lastKnownFileType = text.plist.xml; path = Info.plist; sourceTree = "<group>"; };
		2C688F522071EDB7000735A0 /* ImageRecognitionViewController.swift */ = {isa = PBXFileReference; lastKnownFileType = sourcecode.swift; path = ImageRecognitionViewController.swift; sourceTree = "<group>"; };
		2C688F542071EEFB000735A0 /* Inceptionv3.mlmodel */ = {isa = PBXFileReference; lastKnownFileType = file.mlmodel; path = Inceptionv3.mlmodel; sourceTree = "<group>"; };
		2C688F7C20720F3C000735A0 /* tessdata */ = {isa = PBXFileReference; lastKnownFileType = folder; name = tessdata; path = ImageRecognition/tessdata; sourceTree = "<group>"; };
		69616AEA72DBD95C89BB7107 /* Pods-ImageRecognition.release.xcconfig */ = {isa = PBXFileReference; includeInIndex = 1; lastKnownFileType = text.xcconfig; name = "Pods-ImageRecognition.release.xcconfig"; path = "Pods/Target Support Files/Pods-ImageRecognition/Pods-ImageRecognition.release.xcconfig"; sourceTree = "<group>"; };
		C906AE61A34B2A7C9AD2BAD7 /* Pods-ImageRecognition.debug.xcconfig */ = {isa = PBXFileReference; includeInIndex = 1; lastKnownFileType = text.xcconfig; name = "Pods-ImageRecognition.debug.xcconfig"; path = "Pods/Target Support Files/Pods-ImageRecognition/Pods-ImageRecognition.debug.xcconfig"; sourceTree = "<group>"; };
		CAA45B78D8AF4ACA518C80FD /* Pods_ImageRecognition.framework */ = {isa = PBXFileReference; explicitFileType = wrapper.framework; includeInIndex = 0; path = Pods_ImageRecognition.framework; sourceTree = BUILT_PRODUCTS_DIR; };
/* End PBXFileReference section */

/* Begin PBXFrameworksBuildPhase section */
		2C688F382071ED75000735A0 /* Frameworks */ = {
			isa = PBXFrameworksBuildPhase;
			buildActionMask = 2147483647;
			files = (
				604ADABBEFDF46ADBE19AFC7 /* Pods_ImageRecognition.framework in Frameworks */,
			);
			runOnlyForDeploymentPostprocessing = 0;
		};
/* End PBXFrameworksBuildPhase section */

/* Begin PBXGroup section */
		2C688F322071ED75000735A0 = {
			isa = PBXGroup;
			children = (
				2C688F7C20720F3C000735A0 /* tessdata */,
				2C688F3D2071ED75000735A0 /* ImageRecognition */,
				2C688F3C2071ED75000735A0 /* Products */,
				344042E60793380EDE043491 /* Pods */,
				F4FA1BC494EF18BBAA9D5793 /* Frameworks */,
			);
			sourceTree = "<group>";
		};
		2C688F3C2071ED75000735A0 /* Products */ = {
			isa = PBXGroup;
			children = (
				2C688F3B2071ED75000735A0 /* ImageRecognition.app */,
			);
			name = Products;
			sourceTree = "<group>";
		};
		2C688F3D2071ED75000735A0 /* ImageRecognition */ = {
			isa = PBXGroup;
			children = (
				2C688F3E2071ED75000735A0 /* AppDelegate.swift */,
				2C688F422071ED75000735A0 /* Main.storyboard */,
				2C688F452071ED75000735A0 /* Assets.xcassets */,
				2C688F472071ED75000735A0 /* LaunchScreen.storyboard */,
				2C688F4A2071ED75000735A0 /* Info.plist */,
				2C688F522071EDB7000735A0 /* ImageRecognitionViewController.swift */,
				2C688F542071EEFB000735A0 /* Inceptionv3.mlmodel */,
			);
			path = ImageRecognition;
			sourceTree = "<group>";
		};
		344042E60793380EDE043491 /* Pods */ = {
			isa = PBXGroup;
			children = (
				C906AE61A34B2A7C9AD2BAD7 /* Pods-ImageRecognition.debug.xcconfig */,
				69616AEA72DBD95C89BB7107 /* Pods-ImageRecognition.release.xcconfig */,
			);
			name = Pods;
			sourceTree = "<group>";
		};
		F4FA1BC494EF18BBAA9D5793 /* Frameworks */ = {
			isa = PBXGroup;
			children = (
				CAA45B78D8AF4ACA518C80FD /* Pods_ImageRecognition.framework */,
			);
			name = Frameworks;
			sourceTree = "<group>";
		};
/* End PBXGroup section */

/* Begin PBXNativeTarget section */
		2C688F3A2071ED75000735A0 /* ImageRecognition */ = {
			isa = PBXNativeTarget;
			buildConfigurationList = 2C688F4D2071ED75000735A0 /* Build configuration list for PBXNativeTarget "ImageRecognition" */;
			buildPhases = (
				EB77FE8A99897A1367921574 /* [CP] Check Pods Manifest.lock */,
				2C688F372071ED75000735A0 /* Sources */,
				2C688F382071ED75000735A0 /* Frameworks */,
				2C688F392071ED75000735A0 /* Resources */,
				E230F7427FD31EAD1C274A45 /* [CP] Embed Pods Frameworks */,
				49159149B642D1077B085C88 /* [CP] Copy Pods Resources */,
			);
			buildRules = (
			);
			dependencies = (
			);
			name = ImageRecognition;
			productName = ImageRecognition;
			productReference = 2C688F3B2071ED75000735A0 /* ImageRecognition.app */;
			productType = "com.apple.product-type.application";
		};
/* End PBXNativeTarget section */

/* Begin PBXProject section */
		2C688F332071ED75000735A0 /* Project object */ = {
			isa = PBXProject;
			attributes = {
				LastSwiftUpdateCheck = 0920;
				LastUpgradeCheck = 0920;
				ORGANIZATIONNAME = "Yichi Zhang";
				TargetAttributes = {
					2C688F3A2071ED75000735A0 = {
						CreatedOnToolsVersion = 9.2;
						ProvisioningStyle = Automatic;
					};
				};
			};
			buildConfigurationList = 2C688F362071ED75000735A0 /* Build configuration list for PBXProject "ImageRecognition" */;
			compatibilityVersion = "Xcode 8.0";
			developmentRegion = en;
			hasScannedForEncodings = 0;
			knownRegions = (
				en,
				Base,
			);
			mainGroup = 2C688F322071ED75000735A0;
			productRefGroup = 2C688F3C2071ED75000735A0 /* Products */;
			projectDirPath = "";
			projectRoot = "";
			targets = (
				2C688F3A2071ED75000735A0 /* ImageRecognition */,
			);
		};
/* End PBXProject section */

/* Begin PBXResourcesBuildPhase section */
		2C688F392071ED75000735A0 /* Resources */ = {
			isa = PBXResourcesBuildPhase;
			buildActionMask = 2147483647;
			files = (
				2C688F492071ED75000735A0 /* LaunchScreen.storyboard in Resources */,
				2C688F7D20720F3C000735A0 /* tessdata in Resources */,
				2C688F462071ED75000735A0 /* Assets.xcassets in Resources */,
				2C688F442071ED75000735A0 /* Main.storyboard in Resources */,
			);
			runOnlyForDeploymentPostprocessing = 0;
		};
/* End PBXResourcesBuildPhase section */

/* Begin PBXShellScriptBuildPhase section */
		49159149B642D1077B085C88 /* [CP] Copy Pods Resources */ = {
			isa = PBXShellScriptBuildPhase;
			buildActionMask = 2147483647;
			files = (
			);
			inputPaths = (
			);
			name = "[CP] Copy Pods Resources";
			outputPaths = (
			);
			runOnlyForDeploymentPostprocessing = 0;
			shellPath = /bin/sh;
			shellScript = "\"${SRCROOT}/Pods/Target Support Files/Pods-ImageRecognition/Pods-ImageRecognition-resources.sh\"\n";
			showEnvVarsInLog = 0;
		};
		E230F7427FD31EAD1C274A45 /* [CP] Embed Pods Frameworks */ = {
			isa = PBXShellScriptBuildPhase;
			buildActionMask = 2147483647;
			files = (
			);
			inputPaths = (
				"${SRCROOT}/Pods/Target Support Files/Pods-ImageRecognition/Pods-ImageRecognition-frameworks.sh",
				"${BUILT_PRODUCTS_DIR}/TesseractOCRiOS/TesseractOCR.framework",
			);
			name = "[CP] Embed Pods Frameworks";
			outputPaths = (
				"${TARGET_BUILD_DIR}/${FRAMEWORKS_FOLDER_PATH}/TesseractOCR.framework",
			);
			runOnlyForDeploymentPostprocessing = 0;
			shellPath = /bin/sh;
			shellScript = "\"${SRCROOT}/Pods/Target Support Files/Pods-ImageRecognition/Pods-ImageRecognition-frameworks.sh\"\n";
			showEnvVarsInLog = 0;
		};
		EB77FE8A99897A1367921574 /* [CP] Check Pods Manifest.lock */ = {
			isa = PBXShellScriptBuildPhase;
			buildActionMask = 2147483647;
			files = (
			);
			inputPaths = (
				"${PODS_PODFILE_DIR_PATH}/Podfile.lock",
				"${PODS_ROOT}/Manifest.lock",
			);
			name = "[CP] Check Pods Manifest.lock";
			outputPaths = (
				"$(DERIVED_FILE_DIR)/Pods-ImageRecognition-checkManifestLockResult.txt",
			);
			runOnlyForDeploymentPostprocessing = 0;
			shellPath = /bin/sh;
			shellScript = "diff \"${PODS_PODFILE_DIR_PATH}/Podfile.lock\" \"${PODS_ROOT}/Manifest.lock\" > /dev/null\nif [ $? != 0 ] ; then\n    # print error to STDERR\n    echo \"error: The sandbox is not in sync with the Podfile.lock. Run 'pod install' or update your CocoaPods installation.\" >&2\n    exit 1\nfi\n# This output is used by Xcode 'outputs' to avoid re-running this script phase.\necho \"SUCCESS\" > \"${SCRIPT_OUTPUT_FILE_0}\"\n";
			showEnvVarsInLog = 0;
		};
/* End PBXShellScriptBuildPhase section */

/* Begin PBXSourcesBuildPhase section */
		2C688F372071ED75000735A0 /* Sources */ = {
			isa = PBXSourcesBuildPhase;
			buildActionMask = 2147483647;
			files = (
				2C688F532071EDB7000735A0 /* ImageRecognitionViewController.swift in Sources */,
				2C688F552071EEFB000735A0 /* Inceptionv3.mlmodel in Sources */,
				2C688F3F2071ED75000735A0 /* AppDelegate.swift in Sources */,
			);
			runOnlyForDeploymentPostprocessing = 0;
		};
/* End PBXSourcesBuildPhase section */

/* Begin PBXVariantGroup section */
		2C688F422071ED75000735A0 /* Main.storyboard */ = {
			isa = PBXVariantGroup;
			children = (
				2C688F432071ED75000735A0 /* Base */,
			);
			name = Main.storyboard;
			sourceTree = "<group>";
		};
		2C688F472071ED75000735A0 /* LaunchScreen.storyboard */ = {
			isa = PBXVariantGroup;
			children = (
				2C688F482071ED75000735A0 /* Base */,
			);
			name = LaunchScreen.storyboard;
			sourceTree = "<group>";
		};
/* End PBXVariantGroup section */

/* Begin XCBuildConfiguration section */
		2C688F4B2071ED75000735A0 /* Debug */ = {
			isa = XCBuildConfiguration;
			buildSettings = {
				ALWAYS_SEARCH_USER_PATHS = NO;
				CLANG_ANALYZER_NONNULL = YES;
				CLANG_ANALYZER_NUMBER_OBJECT_CONVERSION = YES_AGGRESSIVE;
				CLANG_CXX_LANGUAGE_STANDARD = "gnu++14";
				CLANG_CXX_LIBRARY = "libc++";
				CLANG_ENABLE_MODULES = YES;
				CLANG_ENABLE_OBJC_ARC = YES;
				CLANG_WARN_BLOCK_CAPTURE_AUTORELEASING = YES;
				CLANG_WARN_BOOL_CONVERSION = YES;
				CLANG_WARN_COMMA = YES;
				CLANG_WARN_CONSTANT_CONVERSION = YES;
				CLANG_WARN_DIRECT_OBJC_ISA_USAGE = YES_ERROR;
				CLANG_WARN_DOCUMENTATION_COMMENTS = YES;
				CLANG_WARN_EMPTY_BODY = YES;
				CLANG_WARN_ENUM_CONVERSION = YES;
				CLANG_WARN_INFINITE_RECURSION = YES;
				CLANG_WARN_INT_CONVERSION = YES;
				CLANG_WARN_NON_LITERAL_NULL_CONVERSION = YES;
				CLANG_WARN_OBJC_LITERAL_CONVERSION = YES;
				CLANG_WARN_OBJC_ROOT_CLASS = YES_ERROR;
				CLANG_WARN_RANGE_LOOP_ANALYSIS = YES;
				CLANG_WARN_STRICT_PROTOTYPES = YES;
				CLANG_WARN_SUSPICIOUS_MOVE = YES;
				CLANG_WARN_UNGUARDED_AVAILABILITY = YES_AGGRESSIVE;
				CLANG_WARN_UNREACHABLE_CODE = YES;
				CLANG_WARN__DUPLICATE_METHOD_MATCH = YES;
				CODE_SIGN_IDENTITY = "iPhone Developer";
				COPY_PHASE_STRIP = NO;
				DEBUG_INFORMATION_FORMAT = dwarf;
				ENABLE_STRICT_OBJC_MSGSEND = YES;
				ENABLE_TESTABILITY = YES;
				GCC_C_LANGUAGE_STANDARD = gnu11;
				GCC_DYNAMIC_NO_PIC = NO;
				GCC_NO_COMMON_BLOCKS = YES;
				GCC_OPTIMIZATION_LEVEL = 0;
				GCC_PREPROCESSOR_DEFINITIONS = (
					"DEBUG=1",
					"$(inherited)",
				);
				GCC_WARN_64_TO_32_BIT_CONVERSION = YES;
				GCC_WARN_ABOUT_RETURN_TYPE = YES_ERROR;
				GCC_WARN_UNDECLARED_SELECTOR = YES;
				GCC_WARN_UNINITIALIZED_AUTOS = YES_AGGRESSIVE;
				GCC_WARN_UNUSED_FUNCTION = YES;
				GCC_WARN_UNUSED_VARIABLE = YES;
				IPHONEOS_DEPLOYMENT_TARGET = 11.2;
				MTL_ENABLE_DEBUG_INFO = YES;
				ONLY_ACTIVE_ARCH = YES;
				SDKROOT = iphoneos;
				SWIFT_ACTIVE_COMPILATION_CONDITIONS = DEBUG;
				SWIFT_OPTIMIZATION_LEVEL = "-Onone";
			};
			name = Debug;
		};
		2C688F4C2071ED75000735A0 /* Release */ = {
			isa = XCBuildConfiguration;
			buildSettings = {
				ALWAYS_SEARCH_USER_PATHS = NO;
				CLANG_ANALYZER_NONNULL = YES;
				CLANG_ANALYZER_NUMBER_OBJECT_CONVERSION = YES_AGGRESSIVE;
				CLANG_CXX_LANGUAGE_STANDARD = "gnu++14";
				CLANG_CXX_LIBRARY = "libc++";
				CLANG_ENABLE_MODULES = YES;
				CLANG_ENABLE_OBJC_ARC = YES;
				CLANG_WARN_BLOCK_CAPTURE_AUTORELEASING = YES;
				CLANG_WARN_BOOL_CONVERSION = YES;
				CLANG_WARN_COMMA = YES;
				CLANG_WARN_CONSTANT_CONVERSION = YES;
				CLANG_WARN_DIRECT_OBJC_ISA_USAGE = YES_ERROR;
				CLANG_WARN_DOCUMENTATION_COMMENTS = YES;
				CLANG_WARN_EMPTY_BODY = YES;
				CLANG_WARN_ENUM_CONVERSION = YES;
				CLANG_WARN_INFINITE_RECURSION = YES;
				CLANG_WARN_INT_CONVERSION = YES;
				CLANG_WARN_NON_LITERAL_NULL_CONVERSION = YES;
				CLANG_WARN_OBJC_LITERAL_CONVERSION = YES;
				CLANG_WARN_OBJC_ROOT_CLASS = YES_ERROR;
				CLANG_WARN_RANGE_LOOP_ANALYSIS = YES;
				CLANG_WARN_STRICT_PROTOTYPES = YES;
				CLANG_WARN_SUSPICIOUS_MOVE = YES;
				CLANG_WARN_UNGUARDED_AVAILABILITY = YES_AGGRESSIVE;
				CLANG_WARN_UNREACHABLE_CODE = YES;
				CLANG_WARN__DUPLICATE_METHOD_MATCH = YES;
				CODE_SIGN_IDENTITY = "iPhone Developer";
				COPY_PHASE_STRIP = NO;
				DEBUG_INFORMATION_FORMAT = "dwarf-with-dsym";
				ENABLE_NS_ASSERTIONS = NO;
				ENABLE_STRICT_OBJC_MSGSEND = YES;
				GCC_C_LANGUAGE_STANDARD = gnu11;
				GCC_NO_COMMON_BLOCKS = YES;
				GCC_WARN_64_TO_32_BIT_CONVERSION = YES;
				GCC_WARN_ABOUT_RETURN_TYPE = YES_ERROR;
				GCC_WARN_UNDECLARED_SELECTOR = YES;
				GCC_WARN_UNINITIALIZED_AUTOS = YES_AGGRESSIVE;
				GCC_WARN_UNUSED_FUNCTION = YES;
				GCC_WARN_UNUSED_VARIABLE = YES;
				IPHONEOS_DEPLOYMENT_TARGET = 11.2;
				MTL_ENABLE_DEBUG_INFO = NO;
				SDKROOT = iphoneos;
				SWIFT_OPTIMIZATION_LEVEL = "-Owholemodule";
				VALIDATE_PRODUCT = YES;
			};
			name = Release;
		};
		2C688F4E2071ED75000735A0 /* Debug */ = {
			isa = XCBuildConfiguration;
			baseConfigurationReference = C906AE61A34B2A7C9AD2BAD7 /* Pods-ImageRecognition.debug.xcconfig */;
			buildSettings = {
				ASSETCATALOG_COMPILER_APPICON_NAME = AppIcon;
				CODE_SIGN_STYLE = Automatic;
				DEVELOPMENT_TEAM = EC59E44FX2;
				ENABLE_BITCODE = NO;
				INFOPLIST_FILE = ImageRecognition/Info.plist;
				LD_RUNPATH_SEARCH_PATHS = "$(inherited) @executable_path/Frameworks";
				ONLY_ACTIVE_ARCH = YES;
				PRODUCT_BUNDLE_IDENTIFIER = "zhangyichi12-gmail.com.ImageRecognition";
				PRODUCT_NAME = "$(TARGET_NAME)";
				SWIFT_VERSION = 4.0;
				TARGETED_DEVICE_FAMILY = "1,2";
			};
			name = Debug;
		};
		2C688F4F2071ED75000735A0 /* Release */ = {
			isa = XCBuildConfiguration;
			baseConfigurationReference = 69616AEA72DBD95C89BB7107 /* Pods-ImageRecognition.release.xcconfig */;
			buildSettings = {
				ASSETCATALOG_COMPILER_APPICON_NAME = AppIcon;
				CODE_SIGN_STYLE = Automatic;
				DEVELOPMENT_TEAM = EC59E44FX2;
				ENABLE_BITCODE = NO;
				INFOPLIST_FILE = ImageRecognition/Info.plist;
				LD_RUNPATH_SEARCH_PATHS = "$(inherited) @executable_path/Frameworks";
				PRODUCT_BUNDLE_IDENTIFIER = "zhangyichi12-gmail.com.ImageRecognition";
				PRODUCT_NAME = "$(TARGET_NAME)";
				SWIFT_VERSION = 4.0;
				TARGETED_DEVICE_FAMILY = "1,2";
			};
			name = Release;
		};
/* End XCBuildConfiguration section */

/* Begin XCConfigurationList section */
		2C688F362071ED75000735A0 /* Build configuration list for PBXProject "ImageRecognition" */ = {
			isa = XCConfigurationList;
			buildConfigurations = (
				2C688F4B2071ED75000735A0 /* Debug */,
				2C688F4C2071ED75000735A0 /* Release */,
			);
			defaultConfigurationIsVisible = 0;
			defaultConfigurationName = Release;
		};
		2C688F4D2071ED75000735A0 /* Build configuration list for PBXNativeTarget "ImageRecognition" */ = {
			isa = XCConfigurationList;
			buildConfigurations = (
				2C688F4E2071ED75000735A0 /* Debug */,
				2C688F4F2071ED75000735A0 /* Release */,
			);
			defaultConfigurationIsVisible = 0;
			defaultConfigurationName = Release;
		};
/* End XCConfigurationList section */
	};
	rootObject = 2C688F332071ED75000735A0 /* Project object */;
}
